
Microsoft Visual Studio Solution File, Format Version 12.00
# Visual Studio Version 17
VisualStudioVersion = 17.12.35527.113 d17.12
MinimumVisualStudioVersion = 10.0.40219.1
Project("{FAE04EC0-301F-11D3-BF4B-00C04F79EFBC}") = "Collections_Hackathon_day8", "Collections_Hackathon_day8.csproj", "{1B474354-AA7D-45CF-897B-21FCCD2DD8AD}"
EndProject
Global
	GlobalSection(SolutionConfigurationPlatforms) = preSolution
		Debug|Any CPU = Debug|Any CPU
		Release|Any CPU = Release|Any CPU
	EndGlobalSection
	GlobalSection(ProjectConfigurationPlatforms) = postSolution
		{1B474354-AA7D-45CF-897B-21FCCD2DD8AD}.Debug|Any CPU.ActiveCfg = Debug|Any CPU
		{1B474354-AA7D-45CF-897B-21FCCD2DD8AD}.Debug|Any CPU.Build.0 = Debug|Any CPU
		{1B474354-AA7D-45CF-897B-21FCCD2DD8AD}.Release|Any CPU.ActiveCfg = Release|Any CPU
		{1B474354-AA7D-45CF-897B-21FCCD2DD8AD}.Release|Any CPU.Build.0 = Release|Any CPU
	EndGlobalSection
	GlobalSection(SolutionProperties) = preSolution
		HideSolutionNode = FALSE
	EndGlobalSection
EndGlobal
